# Generated automatically by docgov. Do not edit manually.
protocol_version: 0.0.4
upstream:
  source: .
  ref: local
  synced_at: 2026-09-23T11:00:39Z
artifacts:
  agent_directives:
    target: AGENTS.md
    hash: sha256:88899a39d7a5b0ffde0a3b9f8c4a8e719d30ecaf2a00e1cb07c003869b854bb2
  governance_docs:
    target: docs/governance/documentation
    hash: sha256:b06daae169c6436d8a16708a0d12786469680527e54ddf5b2ca74211fb314588
